
Microsoft Visual Studio Solution File, Format Version 12.00
# Visual Studio Version 17
VisualStudioVersion = 17.14.36930.0 d17.14
MinimumVisualStudioVersion = 10.0.40219.1
Project("{FAE04EC0-301F-11D3-BF4B-00C04F79EFBC}") = "Maki-it-happen", "Maki-it-happen.csproj", "{63FE4FB9-3B38-4413-8309-69ABA11DEBED}"
EndProject
Global
	GlobalSection(SolutionConfigurationPlatforms) = preSolution
		Debug|Any CPU = Debug|Any CPU
		Release|Any CPU = Release|Any CPU
	EndGlobalSection
	GlobalSection(ProjectConfigurationPlatforms) = postSolution
		{63FE4FB9-3B38-4413-8309-69ABA11DEBED}.Debug|Any CPU.ActiveCfg = Debug|Any CPU
		{63FE4FB9-3B38-4413-8309-69ABA11DEBED}.Debug|Any CPU.Build.0 = Debug|Any CPU
		{63FE4FB9-3B38-4413-8309-69ABA11DEBED}.Release|Any CPU.ActiveCfg = Release|Any CPU
		{63FE4FB9-3B38-4413-8309-69ABA11DEBED}.Release|Any CPU.Build.0 = Release|Any CPU
	EndGlobalSection
	GlobalSection(SolutionProperties) = preSolution
		HideSolutionNode = FALSE
	EndGlobalSection
	GlobalSection(ExtensibilityGlobals) = postSolution
		SolutionGuid = {5D90966F-6FB5-49AE-8900-67B422DD7FB3}
	EndGlobalSection
EndGlobal
